Microsoft Visual Studio Solution File, Format Version 11.00
# Visual Studio 2008

Project("{991F29A2-CAA8-17EF-B570-EB7A32A32521}") = "Tests_01-09-15", "Assembly-CSharp-firstpass-vs.csproj", "{8190340A-C397-EE88-FABE-2F9DBC38B8A4}"
EndProject
Project("{991F29A2-CAA8-17EF-B570-EB7A32A32521}") = "Tests_01-09-15", "Assembly-CSharp-vs.csproj", "{B1F966A6-E825-49C8-6B42-03CDA96E44EB}"
EndProject
Project("{991F29A2-CAA8-17EF-B570-EB7A32A32521}") = "Tests_01-09-15", "Assembly-CSharp-Editor-vs.csproj", "{83E0FBC1-E379-040A-92C8-0C69AEBC285A}"
EndProject
Global
	GlobalSection(SolutionConfigurationPlatforms) = preSolution
		Debug|Any CPU = Debug|Any CPU
		Release|Any CPU = Release|Any CPU
	EndGlobalSection
	GlobalSection(ProjectConfigurationPlatforms) = postSolution
		{8190340A-C397-EE88-FABE-2F9DBC38B8A4}.Debug|Any CPU.ActiveCfg = Debug|Any CPU
		{8190340A-C397-EE88-FABE-2F9DBC38B8A4}.Debug|Any CPU.Build.0 = Debug|Any CPU
		{8190340A-C397-EE88-FABE-2F9DBC38B8A4}.Release|Any CPU.ActiveCfg = Release|Any CPU
		{8190340A-C397-EE88-FABE-2F9DBC38B8A4}.Release|Any CPU.Build.0 = Release|Any CPU
		{B1F966A6-E825-49C8-6B42-03CDA96E44EB}.Debug|Any CPU.ActiveCfg = Debug|Any CPU
		{B1F966A6-E825-49C8-6B42-03CDA96E44EB}.Debug|Any CPU.Build.0 = Debug|Any CPU
		{B1F966A6-E825-49C8-6B42-03CDA96E44EB}.Release|Any CPU.ActiveCfg = Release|Any CPU
		{B1F966A6-E825-49C8-6B42-03CDA96E44EB}.Release|Any CPU.Build.0 = Release|Any CPU
		{83E0FBC1-E379-040A-92C8-0C69AEBC285A}.Debug|Any CPU.ActiveCfg = Debug|Any CPU
		{83E0FBC1-E379-040A-92C8-0C69AEBC285A}.Debug|Any CPU.Build.0 = Debug|Any CPU
		{83E0FBC1-E379-040A-92C8-0C69AEBC285A}.Release|Any CPU.ActiveCfg = Release|Any CPU
		{83E0FBC1-E379-040A-92C8-0C69AEBC285A}.Release|Any CPU.Build.0 = Release|Any CPU
	EndGlobalSection
	GlobalSection(SolutionProperties) = preSolution
		HideSolutionNode = FALSE
	EndGlobalSection
					GlobalSection(MonoDevelopProperties) = preSolution
		StartupItem = Assembly-CSharp.csproj
		Policies = $0
		$0.TextStylePolicy = $1
		$1.inheritsSet = null
		$1.scope = text/x-csharp
		$0.CSharpFormattingPolicy = $2
		$2.inheritsSet = Mono
		$2.inheritsScope = text/x-csharp
		$2.scope = text/x-csharp
		$0.TextStylePolicy = $3
		$3.FileWidth = 120
		$3.TabWidth = 4
		$3.IndentWidth = 4
		$3.EolMarker = Unix
		$3.inheritsSet = Mono
		$3.inheritsScope = text/plain
		$3.scope = text/plain
	EndGlobalSection

EndGlobal
